Microsoft Visual Studio Solution File, Format Version 12.00
# Visual Studio Version 17
VisualStudioVersion = 17.5.2.0
MinimumVisualStudioVersion = 10.0.40219.1
Project("{FAE04EC0-301F-11D3-BF4B-00C04F79EFBC}") = "tsp-backend", "tsp-backend.csproj", "{DE5B0563-F00C-2B8E-1347-A3821DAEEABA}"
EndProject
Global
	GlobalSection(SolutionConfigurationPlatforms) = preSolution
		Debug|Any CPU = Debug|Any CPU
		Release|Any CPU = Release|Any CPU
	EndGlobalSection
	GlobalSection(ProjectConfigurationPlatforms) = postSolution
		{DE5B0563-F00C-2B8E-1347-A3821DAEEABA}.Debug|Any CPU.ActiveCfg = Debug|Any CPU
		{DE5B0563-F00C-2B8E-1347-A3821DAEEABA}.Debug|Any CPU.Build.0 = Debug|Any CPU
		{DE5B0563-F00C-2B8E-1347-A3821DAEEABA}.Release|Any CPU.ActiveCfg = Release|Any CPU
		{DE5B0563-F00C-2B8E-1347-A3821DAEEABA}.Release|Any CPU.Build.0 = Release|Any CPU
	EndGlobalSection
	GlobalSection(SolutionProperties) = preSolution
		HideSolutionNode = FALSE
	EndGlobalSection
	GlobalSection(ExtensibilityGlobals) = postSolution
		SolutionGuid = {94BB50E2-7356-42E9-BEAC-C1AFE29D6E38}
	EndGlobalSection
EndGlobal
